{
  "name": "autimilezzz",
  "version": "1.0.0",
  "lockfileVersion": 3,
  "requires": true,
  "packages": {
    "": {
      "name": "autimilezzz",
      "version": "1.0.0",
      "license": "ISC",
      "dependencies": {
        "cors": "^2.8.5",
        "dotenv": "^17.2.2",
        "express": "^5.1.0",
        "mongoose": "^8.18.2"
      }
    }
  }
}
